// !$*UTF8*$!
{
	archiveVersion = 1;
	classes = {
	};
	objectVersion = 56;
	objects = {

/* Begin PBXBuildFile section */
		0E8D14966F44581275A359ED /* Pods_CreateUI_CreateUIUITests.framework in Frameworks */ = {isa = PBXBuildFile; fileRef = 950E1FD468D5C3DFCB234935 /* Pods_CreateUI_CreateUIUITests.framework */; };
		2D9DEB1DC856645822B109E6 /* Pods_CreateUITests.framework in Frameworks */ = {isa = PBXBuildFile; fileRef = A83FECF2ACC9EBBD55FFE317 /* Pods_CreateUITests.framework */; };
		453E88CD567381BA949E8588 /* Pods_CreateUI.framework in Frameworks */ = {isa = PBXBuildFile; fileRef = E6B497DC32C96A7AD24DEDE1 /* Pods_CreateUI.framework */; };
		7A831D1629C20AD500E1328D /* AppDelegate.swift in Sources */ = {isa = PBXBuildFile; fileRef = 7A831D1529C20AD500E1328D /* AppDelegate.swift */; };
		7A831D1829C20AD500E1328D /* SceneDelegate.swift in Sources */ = {isa = PBXBuildFile; fileRef = 7A831D1729C20AD500E1328D /* SceneDelegate.swift */; };
		7A831D1A29C20AD500E1328D /* ViewController.swift in Sources */ = {isa = PBXBuildFile; fileRef = 7A831D1929C20AD500E1328D /* ViewController.swift */; };
		7A831D1D29C20AD500E1328D /* Main.storyboard in Resources */ = {isa = PBXBuildFile; fileRef = 7A831D1B29C20AD500E1328D /* Main.storyboard */; };
		7A831D1F29C20AD800E1328D /* Assets.xcassets in Resources */ = {isa = PBXBuildFile; fileRef = 7A831D1E29C20AD800E1328D /* Assets.xcassets */; };
		7A831D2229C20AD800E1328D /* LaunchScreen.storyboard in Resources */ = {isa = PBXBuildFile; fileRef = 7A831D2029C20AD800E1328D /* LaunchScreen.storyboard */; };
		7A831D2D29C20AD800E1328D /* CreateUITests.swift in Sources */ = {isa = PBXBuildFile; fileRef = 7A831D2C29C20AD800E1328D /* CreateUITests.swift */; };
		7A831D3729C20AD800E1328D /* CreateUIUITests.swift in Sources */ = {isa = PBXBuildFile; fileRef = 7A831D3629C20AD800E1328D /* CreateUIUITests.swift */; };
		7A831D3929C20AD800E1328D /* CreateUIUITestsLaunchTests.swift in Sources */ = {isa = PBXBuildFile; fileRef = 7A831D3829C20AD800E1328D /* CreateUIUITestsLaunchTests.swift */; };
		7A831D4829C2A7F700E1328D /* SecondViewController.swift in Sources */ = {isa = PBXBuildFile; fileRef = 7A831D4629C2A7F700E1328D /* SecondViewController.swift */; };
		7A831D4929C2A7F700E1328D /* SecondViewController.xib in Resources */ = {isa = PBXBuildFile; fileRef = 7A831D4729C2A7F700E1328D /* SecondViewController.xib */; };
		7A831D4D29C2CF1A00E1328D /* TableViewCell.swift in Sources */ = {isa = PBXBuildFile; fileRef = 7A831D4B29C2CF1A00E1328D /* TableViewCell.swift */; };
		7A831D4E29C2CF1A00E1328D /* TableViewCell.xib in Resources */ = {isa = PBXBuildFile; fileRef = 7A831D4C29C2CF1A00E1328D /* TableViewCell.xib */; };
		7A831D5729C2FC2500E1328D /* TableDetailViewController.swift in Sources */ = {isa = PBXBuildFile; fileRef = 7A831D5529C2FC2500E1328D /* TableDetailViewController.swift */; };
		7A831D5829C2FC2500E1328D /* TableDetailViewController.xib in Resources */ = {isa = PBXBuildFile; fileRef = 7A831D5629C2FC2500E1328D /* TableDetailViewController.xib */; };
/* End PBXBuildFile section */

/* Begin PBXContainerItemProxy section */
		7A831D2929C20AD800E1328D /* PBXContainerItemProxy */ = {
			isa = PBXContainerItemProxy;
			containerPortal = 7A831D0A29C20AD500E1328D /* Project object */;
			proxyType = 1;
			remoteGlobalIDString = 7A831D1129C20AD500E1328D;
			remoteInfo = CreateUI;
		};
		7A831D3329C20AD800E1328D /* PBXContainerItemProxy */ = {
			isa = PBXContainerItemProxy;
			containerPortal = 7A831D0A29C20AD500E1328D /* Project object */;
			proxyType = 1;
			remoteGlobalIDString = 7A831D1129C20AD500E1328D;
			remoteInfo = CreateUI;
		};
/* End PBXContainerItemProxy section */

/* Begin PBXFileReference section */
		024A18929DAD43FE3FA4759A /* Pods-CreateUITests.release.xcconfig */ = {isa = PBXFileReference; includeInIndex = 1; lastKnownFileType = text.xcconfig; name = "Pods-CreateUITests.release.xcconfig"; path = "Target Support Files/Pods-CreateUITests/Pods-CreateUITests.release.xcconfig"; sourceTree = "<group>"; };
		6BBBF60CAF14203F4A2C449F /* Pods-CreateUI-CreateUIUITests.debug.xcconfig */ = {isa = PBXFileReference; includeInIndex = 1; lastKnownFileType = text.xcconfig; name = "Pods-CreateUI-CreateUIUITests.debug.xcconfig"; path = "Target Support Files/Pods-CreateUI-CreateUIUITests/Pods-CreateUI-CreateUIUITests.debug.xcconfig"; sourceTree = "<group>"; };
		77BD4C07A70F3B1C97CBFE56 /* Pods-CreateUI-CreateUIUITests.release.xcconfig */ = {isa = PBXFileReference; includeInIndex = 1; lastKnownFileType = text.xcconfig; name = "Pods-CreateUI-CreateUIUITests.release.xcconfig"; path = "Target Support Files/Pods-CreateUI-CreateUIUITests/Pods-CreateUI-CreateUIUITests.release.xcconfig"; sourceTree = "<group>"; };
		7A831D1229C20AD500E1328D /* CreateUI.app */ = {isa = PBXFileReference; explicitFileType = wrapper.application; includeInIndex = 0; path = CreateUI.app; sourceTree = BUILT_PRODUCTS_DIR; };
		7A831D1529C20AD500E1328D /* AppDelegate.swift */ = {isa = PBXFileReference; lastKnownFileType = sourcecode.swift; path = AppDelegate.swift; sourceTree = "<group>"; };
		7A831D1729C20AD500E1328D /* SceneDelegate.swift */ = {isa = PBXFileReference; lastKnownFileType = sourcecode.swift; path = SceneDelegate.swift; sourceTree = "<group>"; };
		7A831D1929C20AD500E1328D /* ViewController.swift */ = {isa = PBXFileReference; lastKnownFileType = sourcecode.swift; path = ViewController.swift; sourceTree = "<group>"; };
		7A831D1C29C20AD500E1328D /* Base */ = {isa = PBXFileReference; lastKnownFileType = file.storyboard; name = Base; path = Base.lproj/Main.storyboard; sourceTree = "<group>"; };
		7A831D1E29C20AD800E1328D /* Assets.xcassets */ = {isa = PBXFileReference; lastKnownFileType = folder.assetcatalog; path = Assets.xcassets; sourceTree = "<group>"; };
		7A831D2129C20AD800E1328D /* Base */ = {isa = PBXFileReference; lastKnownFileType = file.storyboard; name = Base; path = Base.lproj/LaunchScreen.storyboard; sourceTree = "<group>"; };
		7A831D2329C20AD800E1328D /* Info.plist */ = {isa = PBXFileReference; lastKnownFileType = text.plist.xml; path = Info.plist; sourceTree = "<group>"; };
		7A831D2829C20AD800E1328D /* CreateUITests.xctest */ = {isa = PBXFileReference; explicitFileType = wrapper.cfbundle; includeInIndex = 0; path = CreateUITests.xctest; sourceTree = BUILT_PRODUCTS_DIR; };
		7A831D2C29C20AD800E1328D /* CreateUITests.swift */ = {isa = PBXFileReference; lastKnownFileType = sourcecode.swift; path = CreateUITests.swift; sourceTree = "<group>"; };
		7A831D3229C20AD800E1328D /* CreateUIUITests.xctest */ = {isa = PBXFileReference; explicitFileType = wrapper.cfbundle; includeInIndex = 0; path = CreateUIUITests.xctest; sourceTree = BUILT_PRODUCTS_DIR; };
		7A831D3629C20AD800E1328D /* CreateUIUITests.swift */ = {isa = PBXFileReference; lastKnownFileType = sourcecode.swift; path = CreateUIUITests.swift; sourceTree = "<group>"; };
		7A831D3829C20AD800E1328D /* CreateUIUITestsLaunchTests.swift */ = {isa = PBXFileReference; lastKnownFileType = sourcecode.swift; path = CreateUIUITestsLaunchTests.swift; sourceTree = "<group>"; };
		7A831D4629C2A7F700E1328D /* SecondViewController.swift */ = {isa = PBXFileReference; lastKnownFileType = sourcecode.swift; path = SecondViewController.swift; sourceTree = "<group>"; };
		7A831D4729C2A7F700E1328D /* SecondViewController.xib */ = {isa = PBXFileReference; lastKnownFileType = file.xib; path = SecondViewController.xib; sourceTree = "<group>"; };
		7A831D4B29C2CF1A00E1328D /* TableViewCell.swift */ = {isa = PBXFileReference; lastKnownFileType = sourcecode.swift; path = TableViewCell.swift; sourceTree = "<group>"; };
		7A831D4C29C2CF1A00E1328D /* TableViewCell.xib */ = {isa = PBXFileReference; lastKnownFileType = file.xib; path = TableViewCell.xib; sourceTree = "<group>"; };
		7A831D5529C2FC2500E1328D /* TableDetailViewController.swift */ = {isa = PBXFileReference; lastKnownFileType = sourcecode.swift; path = TableDetailViewController.swift; sourceTree = "<group>"; };
		7A831D5629C2FC2500E1328D /* TableDetailViewController.xib */ = {isa = PBXFileReference; lastKnownFileType = file.xib; path = TableDetailViewController.xib; sourceTree = "<group>"; };
		950E1FD468D5C3DFCB234935 /* Pods_CreateUI_CreateUIUITests.framework */ = {isa = PBXFileReference; explicitFileType = wrapper.framework; includeInIndex = 0; path = Pods_CreateUI_CreateUIUITests.framework; sourceTree = BUILT_PRODUCTS_DIR; };
		A77F4B5BAEEA26F917253185 /* Pods-CreateUI.debug.xcconfig */ = {isa = PBXFileReference; includeInIndex = 1; lastKnownFileType = text.xcconfig; name = "Pods-CreateUI.debug.xcconfig"; path = "Target Support Files/Pods-CreateUI/Pods-CreateUI.debug.xcconfig"; sourceTree = "<group>"; };
		A83FECF2ACC9EBBD55FFE317 /* Pods_CreateUITests.framework */ = {isa = PBXFileReference; explicitFileType = wrapper.framework; includeInIndex = 0; path = Pods_CreateUITests.framework; sourceTree = BUILT_PRODUCTS_DIR; };
		E4BE1E44C4388742ADC3FD4D /* Pods-CreateUITests.debug.xcconfig */ = {isa = PBXFileReference; includeInIndex = 1; lastKnownFileType = text.xcconfig; name = "Pods-CreateUITests.debug.xcconfig"; path = "Target Support Files/Pods-CreateUITests/Pods-CreateUITests.debug.xcconfig"; sourceTree = "<group>"; };
		E6B497DC32C96A7AD24DEDE1 /* Pods_CreateUI.framework */ = {isa = PBXFileReference; explicitFileType = wrapper.framework; includeInIndex = 0; path = Pods_CreateUI.framework; sourceTree = BUILT_PRODUCTS_DIR; };
		F38FB940C6C4145E4E7D3E52 /* Pods-CreateUI.release.xcconfig */ = {isa = PBXFileReference; includeInIndex = 1; lastKnownFileType = text.xcconfig; name = "Pods-CreateUI.release.xcconfig"; path = "Target Support Files/Pods-CreateUI/Pods-CreateUI.release.xcconfig"; sourceTree = "<group>"; };
/* End PBXFileReference section */

/* Begin PBXFrameworksBuildPhase section */
		7A831D0F29C20AD500E1328D /* Frameworks */ = {
			isa = PBXFrameworksBuildPhase;
			buildActionMask = 2147483647;
			files = (
				453E88CD567381BA949E8588 /* Pods_CreateUI.framework in Frameworks */,
			);
			runOnlyForDeploymentPostprocessing = 0;
		};
		7A831D2529C20AD800E1328D /* Frameworks */ = {
			isa = PBXFrameworksBuildPhase;
			buildActionMask = 2147483647;
			files = (
				2D9DEB1DC856645822B109E6 /* Pods_CreateUITests.framework in Frameworks */,
			);
			runOnlyForDeploymentPostprocessing = 0;
		};
		7A831D2F29C20AD800E1328D /* Frameworks */ = {
			isa = PBXFrameworksBuildPhase;
			buildActionMask = 2147483647;
			files = (
				0E8D14966F44581275A359ED /* Pods_CreateUI_CreateUIUITests.framework in Frameworks */,
			);
			runOnlyForDeploymentPostprocessing = 0;
		};
/* End PBXFrameworksBuildPhase section */

/* Begin PBXGroup section */
		7A831D0929C20AD500E1328D = {
			isa = PBXGroup;
			children = (
				7A831D1429C20AD500E1328D /* CreateUI */,
				7A831D2B29C20AD800E1328D /* CreateUITests */,
				7A831D3529C20AD800E1328D /* CreateUIUITests */,
				7A831D1329C20AD500E1328D /* Products */,
				BC1E00F6109B086C67609722 /* Pods */,
				BEF5941D0CD80924CD86E5EF /* Frameworks */,
			);
			sourceTree = "<group>";
		};
		7A831D1329C20AD500E1328D /* Products */ = {
			isa = PBXGroup;
			children = (
				7A831D1229C20AD500E1328D /* CreateUI.app */,
				7A831D2829C20AD800E1328D /* CreateUITests.xctest */,
				7A831D3229C20AD800E1328D /* CreateUIUITests.xctest */,
			);
			name = Products;
			sourceTree = "<group>";
		};
		7A831D1429C20AD500E1328D /* CreateUI */ = {
			isa = PBXGroup;
			children = (
				7A831D4529C2A74D00E1328D /* View */,
				7A831D1529C20AD500E1328D /* AppDelegate.swift */,
				7A831D1729C20AD500E1328D /* SceneDelegate.swift */,
				7A831D1E29C20AD800E1328D /* Assets.xcassets */,
				7A831D2029C20AD800E1328D /* LaunchScreen.storyboard */,
				7A831D2329C20AD800E1328D /* Info.plist */,
			);
			path = CreateUI;
			sourceTree = "<group>";
		};
		7A831D2B29C20AD800E1328D /* CreateUITests */ = {
			isa = PBXGroup;
			children = (
				7A831D2C29C20AD800E1328D /* CreateUITests.swift */,
			);
			path = CreateUITests;
			sourceTree = "<group>";
		};
		7A831D3529C20AD800E1328D /* CreateUIUITests */ = {
			isa = PBXGroup;
			children = (
				7A831D3629C20AD800E1328D /* CreateUIUITests.swift */,
				7A831D3829C20AD800E1328D /* CreateUIUITestsLaunchTests.swift */,
			);
			path = CreateUIUITests;
			sourceTree = "<group>";
		};
		7A831D4529C2A74D00E1328D /* View */ = {
			isa = PBXGroup;
			children = (
				7A831D5029C2FB7400E1328D /* TableDetail */,
				7A831D4F29C2FB4E00E1328D /* TableView */,
				7A831D4A29C2CE3000E1328D /* TableViiewCell */,
				7A831D1929C20AD500E1328D /* ViewController.swift */,
				7A831D1B29C20AD500E1328D /* Main.storyboard */,
			);
			path = View;
			sourceTree = "<group>";
		};
		7A831D4A29C2CE3000E1328D /* TableViiewCell */ = {
			isa = PBXGroup;
			children = (
				7A831D4B29C2CF1A00E1328D /* TableViewCell.swift */,
				7A831D4C29C2CF1A00E1328D /* TableViewCell.xib */,
			);
			path = TableViiewCell;
			sourceTree = "<group>";
		};
		7A831D4F29C2FB4E00E1328D /* TableView */ = {
			isa = PBXGroup;
			children = (
				7A831D4629C2A7F700E1328D /* SecondViewController.swift */,
				7A831D4729C2A7F700E1328D /* SecondViewController.xib */,
			);
			path = TableView;
			sourceTree = "<group>";
		};
		7A831D5029C2FB7400E1328D /* TableDetail */ = {
			isa = PBXGroup;
			children = (
				7A831D5529C2FC2500E1328D /* TableDetailViewController.swift */,
				7A831D5629C2FC2500E1328D /* TableDetailViewController.xib */,
			);
			path = TableDetail;
			sourceTree = "<group>";
		};
		BC1E00F6109B086C67609722 /* Pods */ = {
			isa = PBXGroup;
			children = (
				A77F4B5BAEEA26F917253185 /* Pods-CreateUI.debug.xcconfig */,
				F38FB940C6C4145E4E7D3E52 /* Pods-CreateUI.release.xcconfig */,
				6BBBF60CAF14203F4A2C449F /* Pods-CreateUI-CreateUIUITests.debug.xcconfig */,
				77BD4C07A70F3B1C97CBFE56 /* Pods-CreateUI-CreateUIUITests.release.xcconfig */,
				E4BE1E44C4388742ADC3FD4D /* Pods-CreateUITests.debug.xcconfig */,
				024A18929DAD43FE3FA4759A /* Pods-CreateUITests.release.xcconfig */,
			);
			name = Pods;
			path = Pods;
			sourceTree = "<group>";
		};
		BEF5941D0CD80924CD86E5EF /* Frameworks */ = {
			isa = PBXGroup;
			children = (
				E6B497DC32C96A7AD24DEDE1 /* Pods_CreateUI.framework */,
				950E1FD468D5C3DFCB234935 /* Pods_CreateUI_CreateUIUITests.framework */,
				A83FECF2ACC9EBBD55FFE317 /* Pods_CreateUITests.framework */,
			);
			name = Frameworks;
			sourceTree = "<group>";
		};
/* End PBXGroup section */

/* Begin PBXNativeTarget section */
		7A831D1129C20AD500E1328D /* CreateUI */ = {
			isa = PBXNativeTarget;
			buildConfigurationList = 7A831D3C29C20AD800E1328D /* Build configuration list for PBXNativeTarget "CreateUI" */;
			buildPhases = (
				52DF4A49751F0004E063B005 /* [CP] Check Pods Manifest.lock */,
				7A831D0E29C20AD500E1328D /* Sources */,
				7A831D0F29C20AD500E1328D /* Frameworks */,
				7A831D1029C20AD500E1328D /* Resources */,
				28CA0AF909D597E845EF9596 /* [CP] Embed Pods Frameworks */,
			);
			buildRules = (
			);
			dependencies = (
			);
			name = CreateUI;
			productName = CreateUI;
			productReference = 7A831D1229C20AD500E1328D /* CreateUI.app */;
			productType = "com.apple.product-type.application";
		};
		7A831D2729C20AD800E1328D /* CreateUITests */ = {
			isa = PBXNativeTarget;
			buildConfigurationList = 7A831D3F29C20AD800E1328D /* Build configuration list for PBXNativeTarget "CreateUITests" */;
			buildPhases = (
				9959FE5FC5D504489A2B3965 /* [CP] Check Pods Manifest.lock */,
				7A831D2429C20AD800E1328D /* Sources */,
				7A831D2529C20AD800E1328D /* Frameworks */,
				7A831D2629C20AD800E1328D /* Resources */,
			);
			buildRules = (
			);
			dependencies = (
				7A831D2A29C20AD800E1328D /* PBXTargetDependency */,
			);
			name = CreateUITests;
			productName = CreateUITests;
			productReference = 7A831D2829C20AD800E1328D /* CreateUITests.xctest */;
			productType = "com.apple.product-type.bundle.unit-test";
		};
		7A831D3129C20AD800E1328D /* CreateUIUITests */ = {
			isa = PBXNativeTarget;
			buildConfigurationList = 7A831D4229C20AD800E1328D /* Build configuration list for PBXNativeTarget "CreateUIUITests" */;
			buildPhases = (
				6AC6F616B87EBAD7FA9EFE5D /* [CP] Check Pods Manifest.lock */,
				7A831D2E29C20AD800E1328D /* Sources */,
				7A831D2F29C20AD800E1328D /* Frameworks */,
				7A831D3029C20AD800E1328D /* Resources */,
				9135C5D3F3CC9EF803A64D8D /* [CP] Embed Pods Frameworks */,
			);
			buildRules = (
			);
			dependencies = (
				7A831D3429C20AD800E1328D /* PBXTargetDependency */,
			);
			name = CreateUIUITests;
			productName = CreateUIUITests;
			productReference = 7A831D3229C20AD800E1328D /* CreateUIUITests.xctest */;
			productType = "com.apple.product-type.bundle.ui-testing";
		};
/* End PBXNativeTarget section */

/* Begin PBXProject section */
		7A831D0A29C20AD500E1328D /* Project object */ = {
			isa = PBXProject;
			attributes = {
				BuildIndependentTargetsInParallel = 1;
				LastSwiftUpdateCheck = 1420;
				LastUpgradeCheck = 1420;
				TargetAttributes = {
					7A831D1129C20AD500E1328D = {
						CreatedOnToolsVersion = 14.2;
					};
					7A831D2729C20AD800E1328D = {
						CreatedOnToolsVersion = 14.2;
						TestTargetID = 7A831D1129C20AD500E1328D;
					};
					7A831D3129C20AD800E1328D = {
						CreatedOnToolsVersion = 14.2;
						TestTargetID = 7A831D1129C20AD500E1328D;
					};
				};
			};
			buildConfigurationList = 7A831D0D29C20AD500E1328D /* Build configuration list for PBXProject "CreateUI" */;
			compatibilityVersion = "Xcode 14.0";
			developmentRegion = en;
			hasScannedForEncodings = 0;
			knownRegions = (
				en,
				Base,
			);
			mainGroup = 7A831D0929C20AD500E1328D;
			productRefGroup = 7A831D1329C20AD500E1328D /* Products */;
			projectDirPath = "";
			projectRoot = "";
			targets = (
				7A831D1129C20AD500E1328D /* CreateUI */,
				7A831D2729C20AD800E1328D /* CreateUITests */,
				7A831D3129C20AD800E1328D /* CreateUIUITests */,
			);
		};
/* End PBXProject section */

/* Begin PBXResourcesBuildPhase section */
		7A831D1029C20AD500E1328D /* Resources */ = {
			isa = PBXResourcesBuildPhase;
			buildActionMask = 2147483647;
			files = (
				7A831D5829C2FC2500E1328D /* TableDetailViewController.xib in Resources */,
				7A831D4929C2A7F700E1328D /* SecondViewController.xib in Resources */,
				7A831D4E29C2CF1A00E1328D /* TableViewCell.xib in Resources */,
				7A831D2229C20AD800E1328D /* LaunchScreen.storyboard in Resources */,
				7A831D1F29C20AD800E1328D /* Assets.xcassets in Resources */,
				7A831D1D29C20AD500E1328D /* Main.storyboard in Resources */,
			);
			runOnlyForDeploymentPostprocessing = 0;
		};
		7A831D2629C20AD800E1328D /* Resources */ = {
			isa = PBXResourcesBuildPhase;
			buildActionMask = 2147483647;
			files = (
			);
			runOnlyForDeploymentPostprocessing = 0;
		};
		7A831D3029C20AD800E1328D /* Resources */ = {
			isa = PBXResourcesBuildPhase;
			buildActionMask = 2147483647;
			files = (
			);
			runOnlyForDeploymentPostprocessing = 0;
		};
/* End PBXResourcesBuildPhase section */

/* Begin PBXShellScriptBuildPhase section */
		28CA0AF909D597E845EF9596 /* [CP] Embed Pods Frameworks */ = {
			isa = PBXShellScriptBuildPhase;
			buildActionMask = 2147483647;
			files = (
			);
			inputFileListPaths = (
				"${PODS_ROOT}/Target Support Files/Pods-CreateUI/Pods-CreateUI-frameworks-${CONFIGURATION}-input-files.xcfilelist",
			);
			name = "[CP] Embed Pods Frameworks";
			outputFileListPaths = (
				"${PODS_ROOT}/Target Support Files/Pods-CreateUI/Pods-CreateUI-frameworks-${CONFIGURATION}-output-files.xcfilelist",
			);
			runOnlyForDeploymentPostprocessing = 0;
			shellPath = /bin/sh;
			shellScript = "\"${PODS_ROOT}/Target Support Files/Pods-CreateUI/Pods-CreateUI-frameworks.sh\"\n";
			showEnvVarsInLog = 0;
		};
		52DF4A49751F0004E063B005 /* [CP] Check Pods Manifest.lock */ = {
			isa = PBXShellScriptBuildPhase;
			buildActionMask = 2147483647;
			files = (
			);
			inputFileListPaths = (
			);
			inputPaths = (
				"${PODS_PODFILE_DIR_PATH}/Podfile.lock",
				"${PODS_ROOT}/Manifest.lock",
			);
			name = "[CP] Check Pods Manifest.lock";
			outputFileListPaths = (
			);
			outputPaths = (
				"$(DERIVED_FILE_DIR)/Pods-CreateUI-checkManifestLockResult.txt",
			);
			runOnlyForDeploymentPostprocessing = 0;
			shellPath = /bin/sh;
			shellScript = "diff \"${PODS_PODFILE_DIR_PATH}/Podfile.lock\" \"${PODS_ROOT}/Manifest.lock\" > /dev/null\nif [ $? != 0 ] ; then\n    # print error to STDERR\n    echo \"error: The sandbox is not in sync with the Podfile.lock. Run 'pod install' or update your CocoaPods installation.\" >&2\n    exit 1\nfi\n# This output is used by Xcode 'outputs' to avoid re-running this script phase.\necho \"SUCCESS\" > \"${SCRIPT_OUTPUT_FILE_0}\"\n";
			showEnvVarsInLog = 0;
		};
		6AC6F616B87EBAD7FA9EFE5D /* [CP] Check Pods Manifest.lock */ = {
			isa = PBXShellScriptBuildPhase;
			buildActionMask = 2147483647;
			files = (
			);
			inputFileListPaths = (
			);
			inputPaths = (
				"${PODS_PODFILE_DIR_PATH}/Podfile.lock",
				"${PODS_ROOT}/Manifest.lock",
			);
			name = "[CP] Check Pods Manifest.lock";
			outputFileListPaths = (
			);
			outputPaths = (
				"$(DERIVED_FILE_DIR)/Pods-CreateUI-CreateUIUITests-checkManifestLockResult.txt",
			);
			runOnlyForDeploymentPostprocessing = 0;
			shellPath = /bin/sh;
			shellScript = "diff \"${PODS_PODFILE_DIR_PATH}/Podfile.lock\" \"${PODS_ROOT}/Manifest.lock\" > /dev/null\nif [ $? != 0 ] ; then\n    # print error to STDERR\n    echo \"error: The sandbox is not in sync with the Podfile.lock. Run 'pod install' or update your CocoaPods installation.\" >&2\n    exit 1\nfi\n# This output is used by Xcode 'outputs' to avoid re-running this script phase.\necho \"SUCCESS\" > \"${SCRIPT_OUTPUT_FILE_0}\"\n";
			showEnvVarsInLog = 0;
		};
		9135C5D3F3CC9EF803A64D8D /* [CP] Embed Pods Frameworks */ = {
			isa = PBXShellScriptBuildPhase;
			buildActionMask = 2147483647;
			files = (
			);
			inputFileListPaths = (
				"${PODS_ROOT}/Target Support Files/Pods-CreateUI-CreateUIUITests/Pods-CreateUI-CreateUIUITests-frameworks-${CONFIGURATION}-input-files.xcfilelist",
			);
			name = "[CP] Embed Pods Frameworks";
			outputFileListPaths = (
				"${PODS_ROOT}/Target Support Files/Pods-CreateUI-CreateUIUITests/Pods-CreateUI-CreateUIUITests-frameworks-${CONFIGURATION}-output-files.xcfilelist",
			);
			runOnlyForDeploymentPostprocessing = 0;
			shellPath = /bin/sh;
			shellScript = "\"${PODS_ROOT}/Target Support Files/Pods-CreateUI-CreateUIUITests/Pods-CreateUI-CreateUIUITests-frameworks.sh\"\n";
			showEnvVarsInLog = 0;
		};
		9959FE5FC5D504489A2B3965 /* [CP] Check Pods Manifest.lock */ = {
			isa = PBXShellScriptBuildPhase;
			buildActionMask = 2147483647;
			files = (
			);
			inputFileListPaths = (
			);
			inputPaths = (
				"${PODS_PODFILE_DIR_PATH}/Podfile.lock",
				"${PODS_ROOT}/Manifest.lock",
			);
			name = "[CP] Check Pods Manifest.lock";
			outputFileListPaths = (
			);
			outputPaths = (
				"$(DERIVED_FILE_DIR)/Pods-CreateUITests-checkManifestLockResult.txt",
			);
			runOnlyForDeploymentPostprocessing = 0;
			shellPath = /bin/sh;
			shellScript = "diff \"${PODS_PODFILE_DIR_PATH}/Podfile.lock\" \"${PODS_ROOT}/Manifest.lock\" > /dev/null\nif [ $? != 0 ] ; then\n    # print error to STDERR\n    echo \"error: The sandbox is not in sync with the Podfile.lock. Run 'pod install' or update your CocoaPods installation.\" >&2\n    exit 1\nfi\n# This output is used by Xcode 'outputs' to avoid re-running this script phase.\necho \"SUCCESS\" > \"${SCRIPT_OUTPUT_FILE_0}\"\n";
			showEnvVarsInLog = 0;
		};
/* End PBXShellScriptBuildPhase section */

/* Begin PBXSourcesBuildPhase section */
		7A831D0E29C20AD500E1328D /* Sources */ = {
			isa = PBXSourcesBuildPhase;
			buildActionMask = 2147483647;
			files = (
				7A831D4D29C2CF1A00E1328D /* TableViewCell.swift in Sources */,
				7A831D4829C2A7F700E1328D /* SecondViewController.swift in Sources */,
				7A831D5729C2FC2500E1328D /* TableDetailViewController.swift in Sources */,
				7A831D1A29C20AD500E1328D /* ViewController.swift in Sources */,
				7A831D1629C20AD500E1328D /* AppDelegate.swift in Sources */,
				7A831D1829C20AD500E1328D /* SceneDelegate.swift in Sources */,
			);
			runOnlyForDeploymentPostprocessing = 0;
		};
		7A831D2429C20AD800E1328D /* Sources */ = {
			isa = PBXSourcesBuildPhase;
			buildActionMask = 2147483647;
			files = (
				7A831D2D29C20AD800E1328D /* CreateUITests.swift in Sources */,
			);
			runOnlyForDeploymentPostprocessing = 0;
		};
		7A831D2E29C20AD800E1328D /* Sources */ = {
			isa = PBXSourcesBuildPhase;
			buildActionMask = 2147483647;
			files = (
				7A831D3929C20AD800E1328D /* CreateUIUITestsLaunchTests.swift in Sources */,
				7A831D3729C20AD800E1328D /* CreateUIUITests.swift in Sources */,
			);
			runOnlyForDeploymentPostprocessing = 0;
		};
/* End PBXSourcesBuildPhase section */

/* Begin PBXTargetDependency section */
		7A831D2A29C20AD800E1328D /* PBXTargetDependency */ = {
			isa = PBXTargetDependency;
			target = 7A831D1129C20AD500E1328D /* CreateUI */;
			targetProxy = 7A831D2929C20AD800E1328D /* PBXContainerItemProxy */;
		};
		7A831D3429C20AD800E1328D /* PBXTargetDependency */ = {
			isa = PBXTargetDependency;
			target = 7A831D1129C20AD500E1328D /* CreateUI */;
			targetProxy = 7A831D3329C20AD800E1328D /* PBXContainerItemProxy */;
		};
/* End PBXTargetDependency section */

/* Begin PBXVariantGroup section */
		7A831D1B29C20AD500E1328D /* Main.storyboard */ = {
			isa = PBXVariantGroup;
			children = (
				7A831D1C29C20AD500E1328D /* Base */,
			);
			name = Main.storyboard;
			sourceTree = "<group>";
		};
		7A831D2029C20AD800E1328D /* LaunchScreen.storyboard */ = {
			isa = PBXVariantGroup;
			children = (
				7A831D2129C20AD800E1328D /* Base */,
			);
			name = LaunchScreen.storyboard;
			sourceTree = "<group>";
		};
/* End PBXVariantGroup section */

/* Begin XCBuildConfiguration section */
		7A831D3A29C20AD800E1328D /* Debug */ = {
			isa = XCBuildConfiguration;
			buildSettings = {
				ALWAYS_SEARCH_USER_PATHS = NO;
				CLANG_ANALYZER_NONNULL = YES;
				CLANG_ANALYZER_NUMBER_OBJECT_CONVERSION = YES_AGGRESSIVE;
				CLANG_CXX_LANGUAGE_STANDARD = "gnu++20";
				CLANG_ENABLE_MODULES = YES;
				CLANG_ENABLE_OBJC_ARC = YES;
				CLANG_ENABLE_OBJC_WEAK = YES;
				CLANG_WARN_BLOCK_CAPTURE_AUTORELEASING = YES;
				CLANG_WARN_BOOL_CONVERSION = YES;
				CLANG_WARN_COMMA = YES;
				CLANG_WARN_CONSTANT_CONVERSION = YES;
				CLANG_WARN_DEPRECATED_OBJC_IMPLEMENTATIONS = YES;
				CLANG_WARN_DIRECT_OBJC_ISA_USAGE = YES_ERROR;
				CLANG_WARN_DOCUMENTATION_COMMENTS = YES;
				CLANG_WARN_EMPTY_BODY = YES;
				CLANG_WARN_ENUM_CONVERSION = YES;
				CLANG_WARN_INFINITE_RECURSION = YES;
				CLANG_WARN_INT_CONVERSION = YES;
				CLANG_WARN_NON_LITERAL_NULL_CONVERSION = YES;
				CLANG_WARN_OBJC_IMPLICIT_RETAIN_SELF = YES;
				CLANG_WARN_OBJC_LITERAL_CONVERSION = YES;
				CLANG_WARN_OBJC_ROOT_CLASS = YES_ERROR;
				CLANG_WARN_QUOTED_INCLUDE_IN_FRAMEWORK_HEADER = YES;
				CLANG_WARN_RANGE_LOOP_ANALYSIS = YES;
				CLANG_WARN_STRICT_PROTOTYPES = YES;
				CLANG_WARN_SUSPICIOUS_MOVE = YES;
				CLANG_WARN_UNGUARDED_AVAILABILITY = YES_AGGRESSIVE;
				CLANG_WARN_UNREACHABLE_CODE = YES;
				CLANG_WARN__DUPLICATE_METHOD_MATCH = YES;
				COPY_PHASE_STRIP = NO;
				DEBUG_INFORMATION_FORMAT = dwarf;
				ENABLE_STRICT_OBJC_MSGSEND = YES;
				ENABLE_TESTABILITY = YES;
				GCC_C_LANGUAGE_STANDARD = gnu11;
				GCC_DYNAMIC_NO_PIC = NO;
				GCC_NO_COMMON_BLOCKS = YES;
				GCC_OPTIMIZATION_LEVEL = 0;
				GCC_PREPROCESSOR_DEFINITIONS = (
					"DEBUG=1",
					"$(inherited)",
				);
				GCC_WARN_64_TO_32_BIT_CONVERSION = YES;
				GCC_WARN_ABOUT_RETURN_TYPE = YES_ERROR;
				GCC_WARN_UNDECLARED_SELECTOR = YES;
				GCC_WARN_UNINITIALIZED_AUTOS = YES_AGGRESSIVE;
				GCC_WARN_UNUSED_FUNCTION = YES;
				GCC_WARN_UNUSED_VARIABLE = YES;
				IPHONEOS_DEPLOYMENT_TARGET = 16.2;
				MTL_ENABLE_DEBUG_INFO = INCLUDE_SOURCE;
				MTL_FAST_MATH = YES;
				ONLY_ACTIVE_ARCH = YES;
				SDKROOT = iphoneos;
				SWIFT_ACTIVE_COMPILATION_CONDITIONS = DEBUG;
				SWIFT_OPTIMIZATION_LEVEL = "-Onone";
			};
			name = Debug;
		};
		7A831D3B29C20AD800E1328D /* Release */ = {
			isa = XCBuildConfiguration;
			buildSettings = {
				ALWAYS_SEARCH_USER_PATHS = NO;
				CLANG_ANALYZER_NONNULL = YES;
				CLANG_ANALYZER_NUMBER_OBJECT_CONVERSION = YES_AGGRESSIVE;
				CLANG_CXX_LANGUAGE_STANDARD = "gnu++20";
				CLANG_ENABLE_MODULES = YES;
				CLANG_ENABLE_OBJC_ARC = YES;
				CLANG_ENABLE_OBJC_WEAK = YES;
				CLANG_WARN_BLOCK_CAPTURE_AUTORELEASING = YES;
				CLANG_WARN_BOOL_CONVERSION = YES;
				CLANG_WARN_COMMA = YES;
				CLANG_WARN_CONSTANT_CONVERSION = YES;
				CLANG_WARN_DEPRECATED_OBJC_IMPLEMENTATIONS = YES;
				CLANG_WARN_DIRECT_OBJC_ISA_USAGE = YES_ERROR;
				CLANG_WARN_DOCUMENTATION_COMMENTS = YES;
				CLANG_WARN_EMPTY_BODY = YES;
				CLANG_WARN_ENUM_CONVERSION = YES;
				CLANG_WARN_INFINITE_RECURSION = YES;
				CLANG_WARN_INT_CONVERSION = YES;
				CLANG_WARN_NON_LITERAL_NULL_CONVERSION = YES;
				CLANG_WARN_OBJC_IMPLICIT_RETAIN_SELF = YES;
				CLANG_WARN_OBJC_LITERAL_CONVERSION = YES;
				CLANG_WARN_OBJC_ROOT_CLASS = YES_ERROR;
				CLANG_WARN_QUOTED_INCLUDE_IN_FRAMEWORK_HEADER = YES;
				CLANG_WARN_RANGE_LOOP_ANALYSIS = YES;
				CLANG_WARN_STRICT_PROTOTYPES = YES;
				CLANG_WARN_SUSPICIOUS_MOVE = YES;
				CLANG_WARN_UNGUARDED_AVAILABILITY = YES_AGGRESSIVE;
				CLANG_WARN_UNREACHABLE_CODE = YES;
				CLANG_WARN__DUPLICATE_METHOD_MATCH = YES;
				COPY_PHASE_STRIP = NO;
				DEBUG_INFORMATION_FORMAT = "dwarf-with-dsym";
				ENABLE_NS_ASSERTIONS = NO;
				ENABLE_STRICT_OBJC_MSGSEND = YES;
				GCC_C_LANGUAGE_STANDARD = gnu11;
				GCC_NO_COMMON_BLOCKS = YES;
				GCC_WARN_64_TO_32_BIT_CONVERSION = YES;
				GCC_WARN_ABOUT_RETURN_TYPE = YES_ERROR;
				GCC_WARN_UNDECLARED_SELECTOR = YES;
				GCC_WARN_UNINITIALIZED_AUTOS = YES_AGGRESSIVE;
				GCC_WARN_UNUSED_FUNCTION = YES;
				GCC_WARN_UNUSED_VARIABLE = YES;
				IPHONEOS_DEPLOYMENT_TARGET = 16.2;
				MTL_ENABLE_DEBUG_INFO = NO;
				MTL_FAST_MATH = YES;
				SDKROOT = iphoneos;
				SWIFT_COMPILATION_MODE = wholemodule;
				SWIFT_OPTIMIZATION_LEVEL = "-O";
				VALIDATE_PRODUCT = YES;
			};
			name = Release;
		};
		7A831D3D29C20AD800E1328D /* Debug */ = {
			isa = XCBuildConfiguration;
			baseConfigurationReference = A77F4B5BAEEA26F917253185 /* Pods-CreateUI.debug.xcconfig */;
			buildSettings = {
				ASSETCATALOG_COMPILER_APPICON_NAME = AppIcon;
				ASSETCATALOG_COMPILER_GLOBAL_ACCENT_COLOR_NAME = AccentColor;
				CODE_SIGN_STYLE = Automatic;
				CURRENT_PROJECT_VERSION = 1;
				GENERATE_INFOPLIST_FILE = YES;
				INFOPLIST_FILE = CreateUI/Info.plist;
				INFOPLIST_KEY_UIApplicationSupportsIndirectInputEvents = YES;
				INFOPLIST_KEY_UILaunchStoryboardName = LaunchScreen;
				INFOPLIST_KEY_UIMainStoryboardFile = Main;
				INFOPLIST_KEY_UISupportedInterfaceOrientations_iPad = "UIInterfaceOrientationPortrait UIInterfaceOrientationPortraitUpsideDown UIInterfaceOrientationLandscapeLeft UIInterfaceOrientationLandscapeRight";
				INFOPLIST_KEY_UISupportedInterfaceOrientations_iPhone = "UIInterfaceOrientationPortrait UIInterfaceOrientationLandscapeLeft UIInterfaceOrientationLandscapeRight";
				LD_RUNPATH_SEARCH_PATHS = (
					"$(inherited)",
					"@executable_path/Frameworks",
				);
				MARKETING_VERSION = 1.0;
				PRODUCT_BUNDLE_IDENTIFIER = hanq.CreateUI;
				PRODUCT_NAME = "$(TARGET_NAME)";
				SWIFT_EMIT_LOC_STRINGS = YES;
				SWIFT_VERSION = 5.0;
				TARGETED_DEVICE_FAMILY = "1,2";
			};
			name = Debug;
		};
		7A831D3E29C20AD800E1328D /* Release */ = {
			isa = XCBuildConfiguration;
			baseConfigurationReference = F38FB940C6C4145E4E7D3E52 /* Pods-CreateUI.release.xcconfig */;
			buildSettings = {
				ASSETCATALOG_COMPILER_APPICON_NAME = AppIcon;
				ASSETCATALOG_COMPILER_GLOBAL_ACCENT_COLOR_NAME = AccentColor;
				CODE_SIGN_STYLE = Automatic;
				CURRENT_PROJECT_VERSION = 1;
				GENERATE_INFOPLIST_FILE = YES;
				INFOPLIST_FILE = CreateUI/Info.plist;
				INFOPLIST_KEY_UIApplicationSupportsIndirectInputEvents = YES;
				INFOPLIST_KEY_UILaunchStoryboardName = LaunchScreen;
				INFOPLIST_KEY_UIMainStoryboardFile = Main;
				INFOPLIST_KEY_UISupportedInterfaceOrientations_iPad = "UIInterfaceOrientationPortrait UIInterfaceOrientationPortraitUpsideDown UIInterfaceOrientationLandscapeLeft UIInterfaceOrientationLandscapeRight";
				INFOPLIST_KEY_UISupportedInterfaceOrientations_iPhone = "UIInterfaceOrientationPortrait UIInterfaceOrientationLandscapeLeft UIInterfaceOrientationLandscapeRight";
				LD_RUNPATH_SEARCH_PATHS = (
					"$(inherited)",
					"@executable_path/Frameworks",
				);
				MARKETING_VERSION = 1.0;
				PRODUCT_BUNDLE_IDENTIFIER = hanq.CreateUI;
				PRODUCT_NAME = "$(TARGET_NAME)";
				SWIFT_EMIT_LOC_STRINGS = YES;
				SWIFT_VERSION = 5.0;
				TARGETED_DEVICE_FAMILY = "1,2";
			};
			name = Release;
		};
		7A831D4029C20AD800E1328D /* Debug */ = {
			isa = XCBuildConfiguration;
			baseConfigurationReference = E4BE1E44C4388742ADC3FD4D /* Pods-CreateUITests.debug.xcconfig */;
			buildSettings = {
				ALWAYS_EMBED_SWIFT_STANDARD_LIBRARIES = YES;
				BUNDLE_LOADER = "$(TEST_HOST)";
				CODE_SIGN_STYLE = Automatic;
				CURRENT_PROJECT_VERSION = 1;
				GENERATE_INFOPLIST_FILE = YES;
				IPHONEOS_DEPLOYMENT_TARGET = 16.2;
				MARKETING_VERSION = 1.0;
				PRODUCT_BUNDLE_IDENTIFIER = hanq.CreateUITests;
				PRODUCT_NAME = "$(TARGET_NAME)";
				SWIFT_EMIT_LOC_STRINGS = NO;
				SWIFT_VERSION = 5.0;
				TARGETED_DEVICE_FAMILY = "1,2";
				TEST_HOST = "$(BUILT_PRODUCTS_DIR)/CreateUI.app/$(BUNDLE_EXECUTABLE_FOLDER_PATH)/CreateUI";
			};
			name = Debug;
		};
		7A831D4129C20AD800E1328D /* Release */ = {
			isa = XCBuildConfiguration;
			baseConfigurationReference = 024A18929DAD43FE3FA4759A /* Pods-CreateUITests.release.xcconfig */;
			buildSettings = {
				ALWAYS_EMBED_SWIFT_STANDARD_LIBRARIES = YES;
				BUNDLE_LOADER = "$(TEST_HOST)";
				CODE_SIGN_STYLE = Automatic;
				CURRENT_PROJECT_VERSION = 1;
				GENERATE_INFOPLIST_FILE = YES;
				IPHONEOS_DEPLOYMENT_TARGET = 16.2;
				MARKETING_VERSION = 1.0;
				PRODUCT_BUNDLE_IDENTIFIER = hanq.CreateUITests;
				PRODUCT_NAME = "$(TARGET_NAME)";
				SWIFT_EMIT_LOC_STRINGS = NO;
				SWIFT_VERSION = 5.0;
				TARGETED_DEVICE_FAMILY = "1,2";
				TEST_HOST = "$(BUILT_PRODUCTS_DIR)/CreateUI.app/$(BUNDLE_EXECUTABLE_FOLDER_PATH)/CreateUI";
			};
			name = Release;
		};
		7A831D4329C20AD800E1328D /* Debug */ = {
			isa = XCBuildConfiguration;
			baseConfigurationReference = 6BBBF60CAF14203F4A2C449F /* Pods-CreateUI-CreateUIUITests.debug.xcconfig */;
			buildSettings = {
				ALWAYS_EMBED_SWIFT_STANDARD_LIBRARIES = YES;
				CODE_SIGN_STYLE = Automatic;
				CURRENT_PROJECT_VERSION = 1;
				GENERATE_INFOPLIST_FILE = YES;
				MARKETING_VERSION = 1.0;
				PRODUCT_BUNDLE_IDENTIFIER = hanq.CreateUIUITests;
				PRODUCT_NAME = "$(TARGET_NAME)";
				SWIFT_EMIT_LOC_STRINGS = NO;
				SWIFT_VERSION = 5.0;
				TARGETED_DEVICE_FAMILY = "1,2";
				TEST_TARGET_NAME = CreateUI;
			};
			name = Debug;
		};
		7A831D4429C20AD800E1328D /* Release */ = {
			isa = XCBuildConfiguration;
			baseConfigurationReference = 77BD4C07A70F3B1C97CBFE56 /* Pods-CreateUI-CreateUIUITests.release.xcconfig */;
			buildSettings = {
				ALWAYS_EMBED_SWIFT_STANDARD_LIBRARIES = YES;
				CODE_SIGN_STYLE = Automatic;
				CURRENT_PROJECT_VERSION = 1;
				GENERATE_INFOPLIST_FILE = YES;
				MARKETING_VERSION = 1.0;
				PRODUCT_BUNDLE_IDENTIFIER = hanq.CreateUIUITests;
				PRODUCT_NAME = "$(TARGET_NAME)";
				SWIFT_EMIT_LOC_STRINGS = NO;
				SWIFT_VERSION = 5.0;
				TARGETED_DEVICE_FAMILY = "1,2";
				TEST_TARGET_NAME = CreateUI;
			};
			name = Release;
		};
/* End XCBuildConfiguration section */

/* Begin XCConfigurationList section */
		7A831D0D29C20AD500E1328D /* Build configuration list for PBXProject "CreateUI" */ = {
			isa = XCConfigurationList;
			buildConfigurations = (
				7A831D3A29C20AD800E1328D /* Debug */,
				7A831D3B29C20AD800E1328D /* Release */,
			);
			defaultConfigurationIsVisible = 0;
			defaultConfigurationName = Release;
		};
		7A831D3C29C20AD800E1328D /* Build configuration list for PBXNativeTarget "CreateUI" */ = {
			isa = XCConfigurationList;
			buildConfigurations = (
				7A831D3D29C20AD800E1328D /* Debug */,
				7A831D3E29C20AD800E1328D /* Release */,
			);
			defaultConfigurationIsVisible = 0;
			defaultConfigurationName = Release;
		};
		7A831D3F29C20AD800E1328D /* Build configuration list for PBXNativeTarget "CreateUITests" */ = {
			isa = XCConfigurationList;
			buildConfigurations = (
				7A831D4029C20AD800E1328D /* Debug */,
				7A831D4129C20AD800E1328D /* Release */,
			);
			defaultConfigurationIsVisible = 0;
			defaultConfigurationName = Release;
		};
		7A831D4229C20AD800E1328D /* Build configuration list for PBXNativeTarget "CreateUIUITests" */ = {
			isa = XCConfigurationList;
			buildConfigurations = (
				7A831D4329C20AD800E1328D /* Debug */,
				7A831D4429C20AD800E1328D /* Release */,
			);
			defaultConfigurationIsVisible = 0;
			defaultConfigurationName = Release;
		};
/* End XCConfigurationList section */
	};
	rootObject = 7A831D0A29C20AD500E1328D /* Project object */;
}
